
Microsoft Visual Studio Solution File, Format Version 12.00
Project("{FAE04EC0-301F-11D3-BF4B-00C04F79EFBC}") = "Labo 10", "Labo 10.csproj", "{B693D427-DCBF-4EBF-B315-AF85F3AB3350}"
EndProject
Global
	GlobalSection(SolutionConfigurationPlatforms) = preSolution
		Debug|Any CPU = Debug|Any CPU
		Release|Any CPU = Release|Any CPU
	EndGlobalSection
	GlobalSection(ProjectConfigurationPlatforms) = postSolution
		{B693D427-DCBF-4EBF-B315-AF85F3AB3350}.Debug|Any CPU.ActiveCfg = Debug|Any CPU
		{B693D427-DCBF-4EBF-B315-AF85F3AB3350}.Debug|Any CPU.Build.0 = Debug|Any CPU
		{B693D427-DCBF-4EBF-B315-AF85F3AB3350}.Release|Any CPU.ActiveCfg = Release|Any CPU
		{B693D427-DCBF-4EBF-B315-AF85F3AB3350}.Release|Any CPU.Build.0 = Release|Any CPU
	EndGlobalSection
EndGlobal
